# THIS IS AN AUTOGENERATED FILE. DO NOT EDIT THIS FILE DIRECTLY.
# yarn lockfile v1


bootstrap@^4.1.2:
  version "4.3.1"
  resolved "https://registry.yarnpkg.com/bootstrap/-/bootstrap-4.3.1.tgz#280ca8f610504d99d7b6b4bfc4b68cec601704ac"
  integrity sha512-rXqOmH1VilAt2DyPzluTi2blhk17bO7ef+zLLPlWvG494pDxcM234pJ8wTc/6R40UWizAIIMgxjvxZg5kmsbag==

"jquery.photoswipe@https://github.com/yaquawa/jquery.photoswipe.git":
  version "1.1.1"
  resolved "https://github.com/yaquawa/jquery.photoswipe.git#4b64c6b974997916d33a0b4d6394a7bb511fb5cc"
  dependencies:
    jquery "^1.12.0"
    photoswipe "^4.1.1"

jquery@>=1.4.3, jquery@>=1.7:
  version "3.4.1"
  resolved "https://registry.yarnpkg.com/jquery/-/jquery-3.4.1.tgz#714f1f8d9dde4bdfa55764ba37ef214630d80ef2"
  integrity sha512-36+AdBzCL+y6qjw5Tx7HgzeGCzC81MDDgaUP8ld2zhx58HdqXGoBd+tHdrBMiyjGQs0Hxs/MLZTu/eHNJJuWPw==

jquery@^1.12.0:
  version "1.12.4"
  resolved "https://registry.yarnpkg.com/jquery/-/jquery-1.12.4.tgz#01e1dfba290fe73deba77ceeacb0f9ba2fec9e0c"
  integrity sha1-AeHfuikP5z3rp3zurLD5ui/sngw=

"parallax.js@https://github.com/pixelcog/parallax.js.git#^1.5.0":
  version "1.5.0"
  resolved "https://github.com/pixelcog/parallax.js.git#1d15496a9a1e4cced6e33bd9d1581c27f6bc3ec5"
  dependencies:
    jquery ">=1.7"

photoswipe@^4.1.1, photoswipe@^4.1.2:
  version "4.1.3"
  resolved "https://registry.yarnpkg.com/photoswipe/-/photoswipe-4.1.3.tgz#59f49494eeb9ddab5888d03392926a19bc197550"
  integrity sha512-89Z43IRUyw7ycTolo+AaiDn3W1EEIfox54hERmm9bI12IB9cvRfHSHez3XhAyU8XW2EAFrC+2sKMhh7SJwn0bA==

popper.js@^1.12.3:
  version "1.15.0"
  resolved "https://registry.yarnpkg.com/popper.js/-/popper.js-1.15.0.tgz#5560b99bbad7647e9faa475c6b8056621f5a4ff2"
  integrity sha512-w010cY1oCUmI+9KwwlWki+r5jxKfTFDVoadl7MSrIujHU5MJ5OR6HTDj6Xo8aoR/QsA56x8jKjA59qGH4ELtrA==

rrssb@^1.14.0:
  version "1.14.0"
  resolved "https://registry.yarnpkg.com/rrssb/-/rrssb-1.14.0.tgz#b6f5afddc54221bae24f563828c7d1dd52750272"
  integrity sha1-tvWv3cVCIbriT1Y4KMfR3VJ1AnI=

"sidr@https://github.com/artberri/sidr.git#^2.2.1":
  version "2.2.1"
  resolved "https://github.com/artberri/sidr.git#eb15277c672d774d556cd2f1f696f6391fa9c15b"
  dependencies:
    jquery ">=1.4.3"

sticky-kit@^1.1.3:
  version "1.1.3"
  resolved "https://registry.yarnpkg.com/sticky-kit/-/sticky-kit-1.1.3.tgz#dab5ace49b462cf6d4969b1d58e639fc01377570"
  integrity sha1-2rWs5JtGLPbUlpsdWOY5/AE3dXA=

waypoints@^4.0.1:
  version "4.0.1"
  resolved "https://registry.yarnpkg.com/waypoints/-/waypoints-4.0.1.tgz#09979a0573810b29627cba4366a284a062ec69c8"
  integrity sha1-CZeaBXOBCylifLpDZqKEoGLsacg=
